// !$*UTF8*$!
{
	archiveVersion = 1;
	classes = {
	};
	objectVersion = 50;
	objects = {

/* Begin PBXBuildFile section */
		370656F0215F19B1003852EF /* Prex.framework in Frameworks */ = {isa = PBXBuildFile; fileRef = 370656EE215F19AC003852EF /* Prex.framework */; };
		370656F1215F19B1003852EF /* Prex.framework in Embed Frameworks */ = {isa = PBXBuildFile; fileRef = 370656EE215F19AC003852EF /* Prex.framework */; settings = {ATTRIBUTES = (CodeSignOnCopy, RemoveHeadersOnCopy, ); }; };
		370656F5215F1A57003852EF /* GitHub.Repository.swift in Sources */ = {isa = PBXBuildFile; fileRef = 370656F4215F1A57003852EF /* GitHub.Repository.swift */; };
		370656F7215F1A5F003852EF /* GitHub.swift in Sources */ = {isa = PBXBuildFile; fileRef = 370656F6215F1A5F003852EF /* GitHub.swift */; };
		370656F9215F1A68003852EF /* GitHub.User.swift in Sources */ = {isa = PBXBuildFile; fileRef = 370656F8215F1A68003852EF /* GitHub.User.swift */; };
		370656FB215F2026003852EF /* GitHub.Pagination.swift in Sources */ = {isa = PBXBuildFile; fileRef = 370656FA215F2026003852EF /* GitHub.Pagination.swift */; };
		370656FD215F2082003852EF /* GitHub.Response.swift in Sources */ = {isa = PBXBuildFile; fileRef = 370656FC215F2082003852EF /* GitHub.Response.swift */; };
		370656FF215F20C4003852EF /* GitHub.Session.swift in Sources */ = {isa = PBXBuildFile; fileRef = 370656FE215F20C4003852EF /* GitHub.Session.swift */; };
		37065702215F2419003852EF /* SearchViewController.swift in Sources */ = {isa = PBXBuildFile; fileRef = 37065700215F2419003852EF /* SearchViewController.swift */; };
		37065703215F2419003852EF /* SearchViewController.xib in Resources */ = {isa = PBXBuildFile; fileRef = 37065701215F2419003852EF /* SearchViewController.xib */; };
		37065707215F2C0C003852EF /* SearchViewController.Prex.swift in Sources */ = {isa = PBXBuildFile; fileRef = 37065706215F2C0C003852EF /* SearchViewController.Prex.swift */; };
		3706570A215F317E003852EF /* SearchCell.swift in Sources */ = {isa = PBXBuildFile; fileRef = 37065708215F317E003852EF /* SearchCell.swift */; };
		3706570B215F317E003852EF /* SearchCell.xib in Resources */ = {isa = PBXBuildFile; fileRef = 37065709215F317E003852EF /* SearchCell.xib */; };
		3706570F215F4D80003852EF /* DetailViewController.swift in Sources */ = {isa = PBXBuildFile; fileRef = 3706570D215F4D80003852EF /* DetailViewController.swift */; };
		37065710215F4D80003852EF /* DetailViewController.xib in Resources */ = {isa = PBXBuildFile; fileRef = 3706570E215F4D80003852EF /* DetailViewController.xib */; };
		37065712215F4E1E003852EF /* WebKit.framework in Frameworks */ = {isa = PBXBuildFile; fileRef = 37065711215F4E1E003852EF /* WebKit.framework */; };
		37065714215F54A5003852EF /* DetailViewController.Prex.swift in Sources */ = {isa = PBXBuildFile; fileRef = 37065713215F54A5003852EF /* DetailViewController.Prex.swift */; };
		37932E12215F19640072DB23 /* AppDelegate.swift in Sources */ = {isa = PBXBuildFile; fileRef = 37932E11215F19640072DB23 /* AppDelegate.swift */; };
		37932E17215F19640072DB23 /* Main.storyboard in Resources */ = {isa = PBXBuildFile; fileRef = 37932E15215F19640072DB23 /* Main.storyboard */; };
		37932E19215F19650072DB23 /* Assets.xcassets in Resources */ = {isa = PBXBuildFile; fileRef = 37932E18215F19650072DB23 /* Assets.xcassets */; };
		37932E1C215F19650072DB23 /* LaunchScreen.storyboard in Resources */ = {isa = PBXBuildFile; fileRef = 37932E1A215F19650072DB23 /* LaunchScreen.storyboard */; };
		37DEBE89215F8446008FF17B /* SearchPresenterTestCase.swift in Sources */ = {isa = PBXBuildFile; fileRef = 37DEBE88215F8446008FF17B /* SearchPresenterTestCase.swift */; };
		37DEBE8B215F847E008FF17B /* Prex.framework in Frameworks */ = {isa = PBXBuildFile; fileRef = 37DEBE8A215F847E008FF17B /* Prex.framework */; };
		37DEBE90215F8A75008FF17B /* MockGitHubSession.swift in Sources */ = {isa = PBXBuildFile; fileRef = 37DEBE8F215F8A75008FF17B /* MockGitHubSession.swift */; };
/* End PBXBuildFile section */

/* Begin PBXContainerItemProxy section */
		37932E23215F19650072DB23 /* PBXContainerItemProxy */ = {
			isa = PBXContainerItemProxy;
			containerPortal = 37932E06215F19640072DB23 /* Project object */;
			proxyType = 1;
			remoteGlobalIDString = 37932E0D215F19640072DB23;
			remoteInfo = PrexSample;
		};
/* End PBXContainerItemProxy section */

/* Begin PBXCopyFilesBuildPhase section */
		370656F2215F19B1003852EF /* Embed Frameworks */ = {
			isa = PBXCopyFilesBuildPhase;
			buildActionMask = 2147483647;
			dstPath = "";
			dstSubfolderSpec = 10;
			files = (
				370656F1215F19B1003852EF /* Prex.framework in Embed Frameworks */,
			);
			name = "Embed Frameworks";
			runOnlyForDeploymentPostprocessing = 0;
		};
/* End PBXCopyFilesBuildPhase section */

/* Begin PBXFileReference section */
		370656EE215F19AC003852EF /* Prex.framework */ = {isa = PBXFileReference; explicitFileType = wrapper.framework; path = Prex.framework; sourceTree = BUILT_PRODUCTS_DIR; };
		370656F4215F1A57003852EF /* GitHub.Repository.swift */ = {isa = PBXFileReference; lastKnownFileType = sourcecode.swift; path = GitHub.Repository.swift; sourceTree = "<group>"; };
		370656F6215F1A5F003852EF /* GitHub.swift */ = {isa = PBXFileReference; lastKnownFileType = sourcecode.swift; path = GitHub.swift; sourceTree = "<group>"; };
		370656F8215F1A68003852EF /* GitHub.User.swift */ = {isa = PBXFileReference; lastKnownFileType = sourcecode.swift; path = GitHub.User.swift; sourceTree = "<group>"; };
		370656FA215F2026003852EF /* GitHub.Pagination.swift */ = {isa = PBXFileReference; lastKnownFileType = sourcecode.swift; path = GitHub.Pagination.swift; sourceTree = "<group>"; };
		370656FC215F2082003852EF /* GitHub.Response.swift */ = {isa = PBXFileReference; lastKnownFileType = sourcecode.swift; path = GitHub.Response.swift; sourceTree = "<group>"; };
		370656FE215F20C4003852EF /* GitHub.Session.swift */ = {isa = PBXFileReference; lastKnownFileType = sourcecode.swift; path = GitHub.Session.swift; sourceTree = "<group>"; };
		37065700215F2419003852EF /* SearchViewController.swift */ = {isa = PBXFileReference; lastKnownFileType = sourcecode.swift; path = SearchViewController.swift; sourceTree = "<group>"; };
		37065701215F2419003852EF /* SearchViewController.xib */ = {isa = PBXFileReference; lastKnownFileType = file.xib; path = SearchViewController.xib; sourceTree = "<group>"; };
		37065706215F2C0C003852EF /* SearchViewController.Prex.swift */ = {isa = PBXFileReference; lastKnownFileType = sourcecode.swift; path = SearchViewController.Prex.swift; sourceTree = "<group>"; };
		37065708215F317E003852EF /* SearchCell.swift */ = {isa = PBXFileReference; lastKnownFileType = sourcecode.swift; path = SearchCell.swift; sourceTree = "<group>"; };
		37065709215F317E003852EF /* SearchCell.xib */ = {isa = PBXFileReference; lastKnownFileType = file.xib; path = SearchCell.xib; sourceTree = "<group>"; };
		3706570D215F4D80003852EF /* DetailViewController.swift */ = {isa = PBXFileReference; lastKnownFileType = sourcecode.swift; path = DetailViewController.swift; sourceTree = "<group>"; };
		3706570E215F4D80003852EF /* DetailViewController.xib */ = {isa = PBXFileReference; lastKnownFileType = file.xib; path = DetailViewController.xib; sourceTree = "<group>"; };
		37065711215F4E1E003852EF /* WebKit.framework */ = {isa = PBXFileReference; lastKnownFileType = wrapper.framework; name = WebKit.framework; path = System/Library/Frameworks/WebKit.framework; sourceTree = SDKROOT; };
		37065713215F54A5003852EF /* DetailViewController.Prex.swift */ = {isa = PBXFileReference; lastKnownFileType = sourcecode.swift; path = DetailViewController.Prex.swift; sourceTree = "<group>"; };
		37932E0E215F19640072DB23 /* PrexSample.app */ = {isa = PBXFileReference; explicitFileType = wrapper.application; includeInIndex = 0; path = PrexSample.app; sourceTree = BUILT_PRODUCTS_DIR; };
		37932E11215F19640072DB23 /* AppDelegate.swift */ = {isa = PBXFileReference; lastKnownFileType = sourcecode.swift; path = AppDelegate.swift; sourceTree = "<group>"; };
		37932E16215F19640072DB23 /* Base */ = {isa = PBXFileReference; lastKnownFileType = file.storyboard; name = Base; path = Base.lproj/Main.storyboard; sourceTree = "<group>"; };
		37932E18215F19650072DB23 /* Assets.xcassets */ = {isa = PBXFileReference; lastKnownFileType = folder.assetcatalog; path = Assets.xcassets; sourceTree = "<group>"; };
		37932E1B215F19650072DB23 /* Base */ = {isa = PBXFileReference; lastKnownFileType = file.storyboard; name = Base; path = Base.lproj/LaunchScreen.storyboard; sourceTree = "<group>"; };
		37932E1D215F19650072DB23 /* Info.plist */ = {isa = PBXFileReference; lastKnownFileType = text.plist.xml; path = Info.plist; sourceTree = "<group>"; };
		37932E22215F19650072DB23 /* PrexSampleTests.xctest */ = {isa = PBXFileReference; explicitFileType = wrapper.cfbundle; includeInIndex = 0; path = PrexSampleTests.xctest; sourceTree = BUILT_PRODUCTS_DIR; };
		37932E28215F19650072DB23 /* Info.plist */ = {isa = PBXFileReference; lastKnownFileType = text.plist.xml; path = Info.plist; sourceTree = "<group>"; };
		37DEBE88215F8446008FF17B /* SearchPresenterTestCase.swift */ = {isa = PBXFileReference; lastKnownFileType = sourcecode.swift; path = SearchPresenterTestCase.swift; sourceTree = "<group>"; };
		37DEBE8A215F847E008FF17B /* Prex.framework */ = {isa = PBXFileReference; explicitFileType = wrapper.framework; path = Prex.framework; sourceTree = BUILT_PRODUCTS_DIR; };
		37DEBE8F215F8A75008FF17B /* MockGitHubSession.swift */ = {isa = PBXFileReference; lastKnownFileType = sourcecode.swift; path = MockGitHubSession.swift; sourceTree = "<group>"; };
/* End PBXFileReference section */

/* Begin PBXFrameworksBuildPhase section */
		37932E0B215F19640072DB23 /* Frameworks */ = {
			isa = PBXFrameworksBuildPhase;
			buildActionMask = 2147483647;
			files = (
				37065712215F4E1E003852EF /* WebKit.framework in Frameworks */,
				370656F0215F19B1003852EF /* Prex.framework in Frameworks */,
			);
			runOnlyForDeploymentPostprocessing = 0;
		};
		37932E1F215F19650072DB23 /* Frameworks */ = {
			isa = PBXFrameworksBuildPhase;
			buildActionMask = 2147483647;
			files = (
				37DEBE8B215F847E008FF17B /* Prex.framework in Frameworks */,
			);
			runOnlyForDeploymentPostprocessing = 0;
		};
/* End PBXFrameworksBuildPhase section */

/* Begin PBXGroup section */
		370656ED215F19AC003852EF /* Frameworks */ = {
			isa = PBXGroup;
			children = (
				37DEBE8A215F847E008FF17B /* Prex.framework */,
				37065711215F4E1E003852EF /* WebKit.framework */,
				370656EE215F19AC003852EF /* Prex.framework */,
			);
			name = Frameworks;
			sourceTree = "<group>";
		};
		370656F3215F1A45003852EF /* GitHub */ = {
			isa = PBXGroup;
			children = (
				370656F6215F1A5F003852EF /* GitHub.swift */,
				370656F4215F1A57003852EF /* GitHub.Repository.swift */,
				370656F8215F1A68003852EF /* GitHub.User.swift */,
				370656FA215F2026003852EF /* GitHub.Pagination.swift */,
				370656FC215F2082003852EF /* GitHub.Response.swift */,
				370656FE215F20C4003852EF /* GitHub.Session.swift */,
			);
			path = GitHub;
			sourceTree = "<group>";
		};
		37065704215F2426003852EF /* Search */ = {
			isa = PBXGroup;
			children = (
				37065700215F2419003852EF /* SearchViewController.swift */,
				37065701215F2419003852EF /* SearchViewController.xib */,
				37065706215F2C0C003852EF /* SearchViewController.Prex.swift */,
				37065708215F317E003852EF /* SearchCell.swift */,
				37065709215F317E003852EF /* SearchCell.xib */,
			);
			path = Search;
			sourceTree = "<group>";
		};
		37065705215F2436003852EF /* View */ = {
			isa = PBXGroup;
			children = (
				3706570C215F4D6A003852EF /* Detail */,
				37065704215F2426003852EF /* Search */,
			);
			path = View;
			sourceTree = "<group>";
		};
		3706570C215F4D6A003852EF /* Detail */ = {
			isa = PBXGroup;
			children = (
				3706570D215F4D80003852EF /* DetailViewController.swift */,
				3706570E215F4D80003852EF /* DetailViewController.xib */,
				37065713215F54A5003852EF /* DetailViewController.Prex.swift */,
			);
			path = Detail;
			sourceTree = "<group>";
		};
		37932E05215F19640072DB23 = {
			isa = PBXGroup;
			children = (
				37932E10215F19640072DB23 /* PrexSample */,
				37932E25215F19650072DB23 /* PrexSampleTests */,
				37932E0F215F19640072DB23 /* Products */,
				370656ED215F19AC003852EF /* Frameworks */,
			);
			sourceTree = "<group>";
		};
		37932E0F215F19640072DB23 /* Products */ = {
			isa = PBXGroup;
			children = (
				37932E0E215F19640072DB23 /* PrexSample.app */,
				37932E22215F19650072DB23 /* PrexSampleTests.xctest */,
			);
			name = Products;
			sourceTree = "<group>";
		};
		37932E10215F19640072DB23 /* PrexSample */ = {
			isa = PBXGroup;
			children = (
				370656F3215F1A45003852EF /* GitHub */,
				37065705215F2436003852EF /* View */,
				37932E11215F19640072DB23 /* AppDelegate.swift */,
				37932E15215F19640072DB23 /* Main.storyboard */,
				37932E18215F19650072DB23 /* Assets.xcassets */,
				37932E1A215F19650072DB23 /* LaunchScreen.storyboard */,
				37932E1D215F19650072DB23 /* Info.plist */,
			);
			path = PrexSample;
			sourceTree = "<group>";
		};
		37932E25215F19650072DB23 /* PrexSampleTests */ = {
			isa = PBXGroup;
			children = (
				37B329AA215FF60B00287935 /* TestCase */,
				37DEBE8C215F8A54008FF17B /* Mock */,
				37932E28215F19650072DB23 /* Info.plist */,
			);
			path = PrexSampleTests;
			sourceTree = "<group>";
		};
		37B329AA215FF60B00287935 /* TestCase */ = {
			isa = PBXGroup;
			children = (
				37DEBE87215F8316008FF17B /* Search */,
			);
			path = TestCase;
			sourceTree = "<group>";
		};
		37DEBE87215F8316008FF17B /* Search */ = {
			isa = PBXGroup;
			children = (
				37DEBE88215F8446008FF17B /* SearchPresenterTestCase.swift */,
			);
			path = Search;
			sourceTree = "<group>";
		};
		37DEBE8C215F8A54008FF17B /* Mock */ = {
			isa = PBXGroup;
			children = (
				37DEBE8F215F8A75008FF17B /* MockGitHubSession.swift */,
			);
			path = Mock;
			sourceTree = "<group>";
		};
/* End PBXGroup section */

/* Begin PBXNativeTarget section */
		37932E0D215F19640072DB23 /* PrexSample */ = {
			isa = PBXNativeTarget;
			buildConfigurationList = 37932E2B215F19650072DB23 /* Build configuration list for PBXNativeTarget "PrexSample" */;
			buildPhases = (
				37932E0A215F19640072DB23 /* Sources */,
				37932E0B215F19640072DB23 /* Frameworks */,
				37932E0C215F19640072DB23 /* Resources */,
				370656F2215F19B1003852EF /* Embed Frameworks */,
			);
			buildRules = (
			);
			dependencies = (
			);
			name = PrexSample;
			productName = PrexSample;
			productReference = 37932E0E215F19640072DB23 /* PrexSample.app */;
			productType = "com.apple.product-type.application";
		};
		37932E21215F19650072DB23 /* PrexSampleTests */ = {
			isa = PBXNativeTarget;
			buildConfigurationList = 37932E2E215F19650072DB23 /* Build configuration list for PBXNativeTarget "PrexSampleTests" */;
			buildPhases = (
				37932E1E215F19650072DB23 /* Sources */,
				37932E1F215F19650072DB23 /* Frameworks */,
				37932E20215F19650072DB23 /* Resources */,
			);
			buildRules = (
			);
			dependencies = (
				37932E24215F19650072DB23 /* PBXTargetDependency */,
			);
			name = PrexSampleTests;
			productName = PrexSampleTests;
			productReference = 37932E22215F19650072DB23 /* PrexSampleTests.xctest */;
			productType = "com.apple.product-type.bundle.unit-test";
		};
/* End PBXNativeTarget section */

/* Begin PBXProject section */
		37932E06215F19640072DB23 /* Project object */ = {
			isa = PBXProject;
			attributes = {
				LastSwiftUpdateCheck = 1000;
				LastUpgradeCheck = 1000;
				ORGANIZATIONNAME = "marty-suzuki";
				TargetAttributes = {
					37932E0D215F19640072DB23 = {
						CreatedOnToolsVersion = 10.0;
					};
					37932E21215F19650072DB23 = {
						CreatedOnToolsVersion = 10.0;
						TestTargetID = 37932E0D215F19640072DB23;
					};
				};
			};
			buildConfigurationList = 37932E09215F19640072DB23 /* Build configuration list for PBXProject "PrexSample" */;
			compatibilityVersion = "Xcode 9.3";
			developmentRegion = en;
			hasScannedForEncodings = 0;
			knownRegions = (
				en,
				Base,
			);
			mainGroup = 37932E05215F19640072DB23;
			productRefGroup = 37932E0F215F19640072DB23 /* Products */;
			projectDirPath = "";
			projectRoot = "";
			targets = (
				37932E0D215F19640072DB23 /* PrexSample */,
				37932E21215F19650072DB23 /* PrexSampleTests */,
			);
		};
/* End PBXProject section */

/* Begin PBXResourcesBuildPhase section */
		37932E0C215F19640072DB23 /* Resources */ = {
			isa = PBXResourcesBuildPhase;
			buildActionMask = 2147483647;
			files = (
				3706570B215F317E003852EF /* SearchCell.xib in Resources */,
				37065710215F4D80003852EF /* DetailViewController.xib in Resources */,
				37932E1C215F19650072DB23 /* LaunchScreen.storyboard in Resources */,
				37932E19215F19650072DB23 /* Assets.xcassets in Resources */,
				37065703215F2419003852EF /* SearchViewController.xib in Resources */,
				37932E17215F19640072DB23 /* Main.storyboard in Resources */,
			);
			runOnlyForDeploymentPostprocessing = 0;
		};
		37932E20215F19650072DB23 /* Resources */ = {
			isa = PBXResourcesBuildPhase;
			buildActionMask = 2147483647;
			files = (
			);
			runOnlyForDeploymentPostprocessing = 0;
		};
/* End PBXResourcesBuildPhase section */

/* Begin PBXSourcesBuildPhase section */
		37932E0A215F19640072DB23 /* Sources */ = {
			isa = PBXSourcesBuildPhase;
			buildActionMask = 2147483647;
			files = (
				3706570F215F4D80003852EF /* DetailViewController.swift in Sources */,
				37065707215F2C0C003852EF /* SearchViewController.Prex.swift in Sources */,
				3706570A215F317E003852EF /* SearchCell.swift in Sources */,
				370656F9215F1A68003852EF /* GitHub.User.swift in Sources */,
				370656F5215F1A57003852EF /* GitHub.Repository.swift in Sources */,
				37065702215F2419003852EF /* SearchViewController.swift in Sources */,
				370656FD215F2082003852EF /* GitHub.Response.swift in Sources */,
				370656FF215F20C4003852EF /* GitHub.Session.swift in Sources */,
				370656F7215F1A5F003852EF /* GitHub.swift in Sources */,
				37065714215F54A5003852EF /* DetailViewController.Prex.swift in Sources */,
				37932E12215F19640072DB23 /* AppDelegate.swift in Sources */,
				370656FB215F2026003852EF /* GitHub.Pagination.swift in Sources */,
			);
			runOnlyForDeploymentPostprocessing = 0;
		};
		37932E1E215F19650072DB23 /* Sources */ = {
			isa = PBXSourcesBuildPhase;
			buildActionMask = 2147483647;
			files = (
				37DEBE89215F8446008FF17B /* SearchPresenterTestCase.swift in Sources */,
				37DEBE90215F8A75008FF17B /* MockGitHubSession.swift in Sources */,
			);
			runOnlyForDeploymentPostprocessing = 0;
		};
/* End PBXSourcesBuildPhase section */

/* Begin PBXTargetDependency section */
		37932E24215F19650072DB23 /* PBXTargetDependency */ = {
			isa = PBXTargetDependency;
			target = 37932E0D215F19640072DB23 /* PrexSample */;
			targetProxy = 37932E23215F19650072DB23 /* PBXContainerItemProxy */;
		};
/* End PBXTargetDependency section */

/* Begin PBXVariantGroup section */
		37932E15215F19640072DB23 /* Main.storyboard */ = {
			isa = PBXVariantGroup;
			children = (
				37932E16215F19640072DB23 /* Base */,
			);
			name = Main.storyboard;
			sourceTree = "<group>";
		};
		37932E1A215F19650072DB23 /* LaunchScreen.storyboard */ = {
			isa = PBXVariantGroup;
			children = (
				37932E1B215F19650072DB23 /* Base */,
			);
			name = LaunchScreen.storyboard;
			sourceTree = "<group>";
		};
/* End PBXVariantGroup section */

/* Begin XCBuildConfiguration section */
		37932E29215F19650072DB23 /* Debug */ = {
			isa = XCBuildConfiguration;
			buildSettings = {
				ALWAYS_SEARCH_USER_PATHS = NO;
				CLANG_ANALYZER_NONNULL = YES;
				CLANG_ANALYZER_NUMBER_OBJECT_CONVERSION = YES_AGGRESSIVE;
				CLANG_CXX_LANGUAGE_STANDARD = "gnu++14";
				CLANG_CXX_LIBRARY = "libc++";
				CLANG_ENABLE_MODULES = YES;
				CLANG_ENABLE_OBJC_ARC = YES;
				CLANG_ENABLE_OBJC_WEAK = YES;
				CLANG_WARN_BLOCK_CAPTURE_AUTORELEASING = YES;
				CLANG_WARN_BOOL_CONVERSION = YES;
				CLANG_WARN_COMMA = YES;
				CLANG_WARN_CONSTANT_CONVERSION = YES;
				CLANG_WARN_DEPRECATED_OBJC_IMPLEMENTATIONS = YES;
				CLANG_WARN_DIRECT_OBJC_ISA_USAGE = YES_ERROR;
				CLANG_WARN_DOCUMENTATION_COMMENTS = YES;
				CLANG_WARN_EMPTY_BODY = YES;
				CLANG_WARN_ENUM_CONVERSION = YES;
				CLANG_WARN_INFINITE_RECURSION = YES;
				CLANG_WARN_INT_CONVERSION = YES;
				CLANG_WARN_NON_LITERAL_NULL_CONVERSION = YES;
				CLANG_WARN_OBJC_IMPLICIT_RETAIN_SELF = YES;
				CLANG_WARN_OBJC_LITERAL_CONVERSION = YES;
				CLANG_WARN_OBJC_ROOT_CLASS = YES_ERROR;
				CLANG_WARN_RANGE_LOOP_ANALYSIS = YES;
				CLANG_WARN_STRICT_PROTOTYPES = YES;
				CLANG_WARN_SUSPICIOUS_MOVE = YES;
				CLANG_WARN_UNGUARDED_AVAILABILITY = YES_AGGRESSIVE;
				CLANG_WARN_UNREACHABLE_CODE = YES;
				CLANG_WARN__DUPLICATE_METHOD_MATCH = YES;
				CODE_SIGN_IDENTITY = "iPhone Developer";
				COPY_PHASE_STRIP = NO;
				DEBUG_INFORMATION_FORMAT = dwarf;
				ENABLE_STRICT_OBJC_MSGSEND = YES;
				ENABLE_TESTABILITY = YES;
				GCC_C_LANGUAGE_STANDARD = gnu11;
				GCC_DYNAMIC_NO_PIC = NO;
				GCC_NO_COMMON_BLOCKS = YES;
				GCC_OPTIMIZATION_LEVEL = 0;
				GCC_PREPROCESSOR_DEFINITIONS = (
					"DEBUG=1",
					"$(inherited)",
				);
				GCC_WARN_64_TO_32_BIT_CONVERSION = YES;
				GCC_WARN_ABOUT_RETURN_TYPE = YES_ERROR;
				GCC_WARN_UNDECLARED_SELECTOR = YES;
				GCC_WARN_UNINITIALIZED_AUTOS = YES_AGGRESSIVE;
				GCC_WARN_UNUSED_FUNCTION = YES;
				GCC_WARN_UNUSED_VARIABLE = YES;
				IPHONEOS_DEPLOYMENT_TARGET = 12.0;
				MTL_ENABLE_DEBUG_INFO = INCLUDE_SOURCE;
				MTL_FAST_MATH = YES;
				ONLY_ACTIVE_ARCH = YES;
				SDKROOT = iphoneos;
				SWIFT_ACTIVE_COMPILATION_CONDITIONS = DEBUG;
				SWIFT_OPTIMIZATION_LEVEL = "-Onone";
			};
			name = Debug;
		};
		37932E2A215F19650072DB23 /* Release */ = {
			isa = XCBuildConfiguration;
			buildSettings = {
				ALWAYS_SEARCH_USER_PATHS = NO;
				CLANG_ANALYZER_NONNULL = YES;
				CLANG_ANALYZER_NUMBER_OBJECT_CONVERSION = YES_AGGRESSIVE;
				CLANG_CXX_LANGUAGE_STANDARD = "gnu++14";
				CLANG_CXX_LIBRARY = "libc++";
				CLANG_ENABLE_MODULES = YES;
				CLANG_ENABLE_OBJC_ARC = YES;
				CLANG_ENABLE_OBJC_WEAK = YES;
				CLANG_WARN_BLOCK_CAPTURE_AUTORELEASING = YES;
				CLANG_WARN_BOOL_CONVERSION = YES;
				CLANG_WARN_COMMA = YES;
				CLANG_WARN_CONSTANT_CONVERSION = YES;
				CLANG_WARN_DEPRECATED_OBJC_IMPLEMENTATIONS = YES;
				CLANG_WARN_DIRECT_OBJC_ISA_USAGE = YES_ERROR;
				CLANG_WARN_DOCUMENTATION_COMMENTS = YES;
				CLANG_WARN_EMPTY_BODY = YES;
				CLANG_WARN_ENUM_CONVERSION = YES;
				CLANG_WARN_INFINITE_RECURSION = YES;
				CLANG_WARN_INT_CONVERSION = YES;
				CLANG_WARN_NON_LITERAL_NULL_CONVERSION = YES;
				CLANG_WARN_OBJC_IMPLICIT_RETAIN_SELF = YES;
				CLANG_WARN_OBJC_LITERAL_CONVERSION = YES;
				CLANG_WARN_OBJC_ROOT_CLASS = YES_ERROR;
				CLANG_WARN_RANGE_LOOP_ANALYSIS = YES;
				CLANG_WARN_STRICT_PROTOTYPES = YES;
				CLANG_WARN_SUSPICIOUS_MOVE = YES;
				CLANG_WARN_UNGUARDED_AVAILABILITY = YES_AGGRESSIVE;
				CLANG_WARN_UNREACHABLE_CODE = YES;
				CLANG_WARN__DUPLICATE_METHOD_MATCH = YES;
				CODE_SIGN_IDENTITY = "iPhone Developer";
				COPY_PHASE_STRIP = NO;
				DEBUG_INFORMATION_FORMAT = "dwarf-with-dsym";
				ENABLE_NS_ASSERTIONS = NO;
				ENABLE_STRICT_OBJC_MSGSEND = YES;
				GCC_C_LANGUAGE_STANDARD = gnu11;
				GCC_NO_COMMON_BLOCKS = YES;
				GCC_WARN_64_TO_32_BIT_CONVERSION = YES;
				GCC_WARN_ABOUT_RETURN_TYPE = YES_ERROR;
				GCC_WARN_UNDECLARED_SELECTOR = YES;
				GCC_WARN_UNINITIALIZED_AUTOS = YES_AGGRESSIVE;
				GCC_WARN_UNUSED_FUNCTION = YES;
				GCC_WARN_UNUSED_VARIABLE = YES;
				IPHONEOS_DEPLOYMENT_TARGET = 12.0;
				MTL_ENABLE_DEBUG_INFO = NO;
				MTL_FAST_MATH = YES;
				SDKROOT = iphoneos;
				SWIFT_COMPILATION_MODE = wholemodule;
				SWIFT_OPTIMIZATION_LEVEL = "-O";
				VALIDATE_PRODUCT = YES;
			};
			name = Release;
		};
		37932E2C215F19650072DB23 /* Debug */ = {
			isa = XCBuildConfiguration;
			buildSettings = {
				ASSETCATALOG_COMPILER_APPICON_NAME = AppIcon;
				CODE_SIGN_STYLE = Manual;
				DEVELOPMENT_TEAM = "";
				INFOPLIST_FILE = PrexSample/Info.plist;
				IPHONEOS_DEPLOYMENT_TARGET = 12.0;
				LD_RUNPATH_SEARCH_PATHS = (
					"$(inherited)",
					"@executable_path/Frameworks",
				);
				PRODUCT_BUNDLE_IDENTIFIER = "jp.marty-suzuki.PrexSample";
				PRODUCT_NAME = "$(TARGET_NAME)";
				PROVISIONING_PROFILE_SPECIFIER = "";
				SWIFT_VERSION = 4.2;
				TARGETED_DEVICE_FAMILY = "1,2";
			};
			name = Debug;
		};
		37932E2D215F19650072DB23 /* Release */ = {
			isa = XCBuildConfiguration;
			buildSettings = {
				ASSETCATALOG_COMPILER_APPICON_NAME = AppIcon;
				CODE_SIGN_STYLE = Manual;
				DEVELOPMENT_TEAM = "";
				INFOPLIST_FILE = PrexSample/Info.plist;
				IPHONEOS_DEPLOYMENT_TARGET = 12.0;
				LD_RUNPATH_SEARCH_PATHS = (
					"$(inherited)",
					"@executable_path/Frameworks",
				);
				PRODUCT_BUNDLE_IDENTIFIER = "jp.marty-suzuki.PrexSample";
				PRODUCT_NAME = "$(TARGET_NAME)";
				PROVISIONING_PROFILE_SPECIFIER = "";
				SWIFT_VERSION = 4.2;
				TARGETED_DEVICE_FAMILY = "1,2";
			};
			name = Release;
		};
		37932E2F215F19650072DB23 /* Debug */ = {
			isa = XCBuildConfiguration;
			buildSettings = {
				ALWAYS_EMBED_SWIFT_STANDARD_LIBRARIES = YES;
				BUNDLE_LOADER = "$(TEST_HOST)";
				CODE_SIGN_STYLE = Manual;
				DEVELOPMENT_TEAM = "";
				INFOPLIST_FILE = PrexSampleTests/Info.plist;
				IPHONEOS_DEPLOYMENT_TARGET = 11.0;
				LD_RUNPATH_SEARCH_PATHS = (
					"$(inherited)",
					"@executable_path/Frameworks",
					"@loader_path/Frameworks",
				);
				PRODUCT_BUNDLE_IDENTIFIER = "jp.marty-suzuki.PrexSampleTests";
				PRODUCT_NAME = "$(TARGET_NAME)";
				PROVISIONING_PROFILE_SPECIFIER = "";
				SWIFT_VERSION = 4.2;
				TARGETED_DEVICE_FAMILY = "1,2";
				TEST_HOST = "$(BUILT_PRODUCTS_DIR)/PrexSample.app/PrexSample";
			};
			name = Debug;
		};
		37932E30215F19650072DB23 /* Release */ = {
			isa = XCBuildConfiguration;
			buildSettings = {
				ALWAYS_EMBED_SWIFT_STANDARD_LIBRARIES = YES;
				BUNDLE_LOADER = "$(TEST_HOST)";
				CODE_SIGN_STYLE = Manual;
				DEVELOPMENT_TEAM = "";
				INFOPLIST_FILE = PrexSampleTests/Info.plist;
				IPHONEOS_DEPLOYMENT_TARGET = 11.0;
				LD_RUNPATH_SEARCH_PATHS = (
					"$(inherited)",
					"@executable_path/Frameworks",
					"@loader_path/Frameworks",
				);
				PRODUCT_BUNDLE_IDENTIFIER = "jp.marty-suzuki.PrexSampleTests";
				PRODUCT_NAME = "$(TARGET_NAME)";
				PROVISIONING_PROFILE_SPECIFIER = "";
				SWIFT_VERSION = 4.2;
				TARGETED_DEVICE_FAMILY = "1,2";
				TEST_HOST = "$(BUILT_PRODUCTS_DIR)/PrexSample.app/PrexSample";
			};
			name = Release;
		};
/* End XCBuildConfiguration section */

/* Begin XCConfigurationList section */
		37932E09215F19640072DB23 /* Build configuration list for PBXProject "PrexSample" */ = {
			isa = XCConfigurationList;
			buildConfigurations = (
				37932E29215F19650072DB23 /* Debug */,
				37932E2A215F19650072DB23 /* Release */,
			);
			defaultConfigurationIsVisible = 0;
			defaultConfigurationName = Release;
		};
		37932E2B215F19650072DB23 /* Build configuration list for PBXNativeTarget "PrexSample" */ = {
			isa = XCConfigurationList;
			buildConfigurations = (
				37932E2C215F19650072DB23 /* Debug */,
				37932E2D215F19650072DB23 /* Release */,
			);
			defaultConfigurationIsVisible = 0;
			defaultConfigurationName = Release;
		};
		37932E2E215F19650072DB23 /* Build configuration list for PBXNativeTarget "PrexSampleTests" */ = {
			isa = XCConfigurationList;
			buildConfigurations = (
				37932E2F215F19650072DB23 /* Debug */,
				37932E30215F19650072DB23 /* Release */,
			);
			defaultConfigurationIsVisible = 0;
			defaultConfigurationName = Release;
		};
/* End XCConfigurationList section */
	};
	rootObject = 37932E06215F19640072DB23 /* Project object */;
}
